<?xml version="1.0" encoding="utf-8"?>
<Project ToolsVersion="4.0" xmlns="http://schemas.microsoft.com/developer/msbuild/2003">
  <ItemGroup>
    <Filter Include="源文件">
      <UniqueIdentifier>{4FC737F1-C7A5-4376-A066-2A32D752A2FF}</UniqueIdentifier>
      <Extensions>cpp;c;cc;cxx;c++;cppm;ixx;def;odl;idl;hpj;bat;asm;asmx</Extensions>
    </Filter>
    <Filter Include="头文件">
      <UniqueIdentifier>{93995380-89BD-4b04-88EB-625FBE52EBFB}</UniqueIdentifier>
      <Extensions>h;hh;hpp;hxx;h++;hm;inl;inc;ipp;xsd</Extensions>
    </Filter>
    <Filter Include="资源文件">
      <UniqueIdentifier>{67DA6AB6-F800-4c08-8B7A-83BB121AAD01}</UniqueIdentifier>
      <Extensions>rc;ico;cur;bmp;dlg;rc2;rct;bin;rgs;gif;jpg;jpeg;jpe;resx;tiff;tif;png;wav;mfcribbon-ms</Extensions>
    </Filter>
  </ItemGroup>
  <ItemGroup>
    <ClCompile Include="src\main.cpp">
      <Filter>源文件</Filter>
    </ClCompile>
    <ClCompile Include="src\thread\ThreadPoll.cpp">
      <Filter>源文件</Filter>
    </ClCompile>
    <ClCompile Include="src\camera\Film.cpp">
      <Filter>源文件</Filter>
    </ClCompile>
    <ClCompile Include="src\camera\Camera.cpp">
      <Filter>源文件</Filter>
    </ClCompile>
    <ClCompile Include="src\shape\Sphere.cpp">
      <Filter>源文件</Filter>
    </ClCompile>
    <ClCompile Include="src\shape\Triangle.cpp">
      <Filter>源文件</Filter>
    </ClCompile>
    <ClCompile Include="src\shape\Model.cpp">
      <Filter>源文件</Filter>
    </ClCompile>
    <ClCompile Include="src\shape\Plane.cpp">
      <Filter>源文件</Filter>
    </ClCompile>
    <ClCompile Include="src\shape\Scene.cpp">
      <Filter>源文件</Filter>
    </ClCompile>
    <ClCompile Include="src\camera\Ray.cpp">
      <Filter>源文件</Filter>
    </ClCompile>
    <ClCompile Include="src\util\Frame.cpp">
      <Filter>源文件</Filter>
    </ClCompile>
    <ClCompile Include="src\util\Progress.cpp">
      <Filter>源文件</Filter>
    </ClCompile>
    <ClCompile Include="src\renderer\BaseRenderer.cpp">
      <Filter>源文件</Filter>
    </ClCompile>
    <ClCompile Include="src\renderer\NormalRenderer.cpp">
      <Filter>源文件</Filter>
    </ClCompile>
    <ClCompile Include="src\accelate\BoundingBox.cpp">
      <Filter>源文件</Filter>
    </ClCompile>
    <ClCompile Include="src\accelate\BVH.cpp">
      <Filter>源文件</Filter>
    </ClCompile>
    <ClCompile Include="src\renderer\DebugRenderer.cpp">
      <Filter>源文件</Filter>
    </ClCompile>
    <ClCompile Include="src\accelate\SceneBVH.cpp">
      <Filter>源文件</Filter>
    </ClCompile>
    <ClCompile Include="src\renderer\PathTracingRenderer.cpp">
      <Filter>源文件</Filter>
    </ClCompile>
    <ClCompile Include="src\material\DiffuseMaterial.cpp">
      <Filter>源文件</Filter>
    </ClCompile>
    <ClCompile Include="src\material\SpecularMaterial.cpp">
      <Filter>源文件</Filter>
    </ClCompile>
    <ClCompile Include="src\material\DielectricMaterial.cpp">
      <Filter>源文件</Filter>
    </ClCompile>
    <ClCompile Include="src\material\GroundMaterial.cpp">
      <Filter>源文件</Filter>
    </ClCompile>
  </ItemGroup>
  <ItemGroup>
    <ClInclude Include="include\thread\ThreadPoll.h">
      <Filter>头文件</Filter>
    </ClInclude>
    <ClInclude Include="include\camera\Film.h">
      <Filter>头文件</Filter>
    </ClInclude>
    <ClInclude Include="include\thread\SpinLock.h">
      <Filter>头文件</Filter>
    </ClInclude>
    <ClInclude Include="include\camera\Ray.h">
      <Filter>头文件</Filter>
    </ClInclude>
    <ClInclude Include="include\camera\Camera.h">
      <Filter>头文件</Filter>
    </ClInclude>
    <ClInclude Include="include\shape\Sphere.h">
      <Filter>头文件</Filter>
    </ClInclude>
    <ClInclude Include="include\shape\Shape.h">
      <Filter>头文件</Filter>
    </ClInclude>
    <ClInclude Include="include\shape\Triangle.h">
      <Filter>头文件</Filter>
    </ClInclude>
    <ClInclude Include="include\shape\Model.h">
      <Filter>头文件</Filter>
    </ClInclude>
    <ClInclude Include="include\shape\Plane.h">
      <Filter>头文件</Filter>
    </ClInclude>
    <ClInclude Include="include\shape\Scene.h">
      <Filter>头文件</Filter>
    </ClInclude>
    <ClInclude Include="include\util\RGB.h">
      <Filter>头文件</Filter>
    </ClInclude>
    <ClInclude Include="include\util\Frame.h">
      <Filter>头文件</Filter>
    </ClInclude>
    <ClInclude Include="include\util\Progress.h">
      <Filter>头文件</Filter>
    </ClInclude>
    <ClInclude Include="include\util\RNG.h">
      <Filter>头文件</Filter>
    </ClInclude>
    <ClInclude Include="include\util\Timer.h">
      <Filter>头文件</Filter>
    </ClInclude>
    <ClInclude Include="include\renderer\BaseRenderer.h">
      <Filter>头文件</Filter>
    </ClInclude>
    <ClInclude Include="include\renderer\NormalRenderer.h">
      <Filter>头文件</Filter>
    </ClInclude>
    <ClInclude Include="include\accelate\BoundingBox.h">
      <Filter>头文件</Filter>
    </ClInclude>
    <ClInclude Include="include\accelate\BVH.h">
      <Filter>头文件</Filter>
    </ClInclude>
    <ClInclude Include="include\util\DebugMacro.h">
      <Filter>头文件</Filter>
    </ClInclude>
    <ClInclude Include="include\renderer\DebugRenderer.h">
      <Filter>头文件</Filter>
    </ClInclude>
    <ClInclude Include="include\accelate\SceneBVH.h">
      <Filter>头文件</Filter>
    </ClInclude>
    <ClInclude Include="include\renderer\PathTracingRenderer.h">
      <Filter>头文件</Filter>
    </ClInclude>
    <ClInclude Include="include\sample\Spherical.h">
      <Filter>头文件</Filter>
    </ClInclude>
    <ClInclude Include="include\material\Material.h">
      <Filter>头文件</Filter>
    </ClInclude>
    <ClInclude Include="include\material\DiffuseMaterial.h">
      <Filter>头文件</Filter>
    </ClInclude>
    <ClInclude Include="include\material\SpecularMaterial.h">
      <Filter>头文件</Filter>
    </ClInclude>
    <ClInclude Include="include\material\DielectricMaterial.h">
      <Filter>头文件</Filter>
    </ClInclude>
    <ClInclude Include="include\material\GroundMaterial.h">
      <Filter>头文件</Filter>
    </ClInclude>
  </ItemGroup>
</Project>